
Microsoft Visual Studio Solution File, Format Version 12.00
# Visual Studio Version 16
VisualStudioVersion = 16.0.34031.81
MinimumVisualStudioVersion = 10.0.40219.1
Project("{FAE04EC0-301F-11D3-BF4B-00C04F79EFBC}") = "SpecialEquipmentStore", "SpecialEquipmentStore\SpecialEquipmentStore.csproj", "{8757C58B-7FAA-4E09-9314-C087396917F0}"
EndProject
Global
	GlobalSection(SolutionConfigurationPlatforms) = preSolution
		Debug|Any CPU = Debug|Any CPU
		Release|Any CPU = Release|Any CPU
	EndGlobalSection
	GlobalSection(ProjectConfigurationPlatforms) = postSolution
		{8757C58B-7FAA-4E09-9314-C087396917F0}.Debug|Any CPU.ActiveCfg = Debug|Any CPU
		{8757C58B-7FAA-4E09-9314-C087396917F0}.Debug|Any CPU.Build.0 = Debug|Any CPU
		{8757C58B-7FAA-4E09-9314-C087396917F0}.Release|Any CPU.ActiveCfg = Release|Any CPU
		{8757C58B-7FAA-4E09-9314-C087396917F0}.Release|Any CPU.Build.0 = Release|Any CPU
	EndGlobalSection
	GlobalSection(SolutionProperties) = preSolution
		HideSolutionNode = FALSE
	EndGlobalSection
	GlobalSection(ExtensibilityGlobals) = postSolution
		SolutionGuid = {19A83DB7-527C-431D-AFE7-A289A36C4835}
	EndGlobalSection
EndGlobal
